// !$*UTF8*$!
{
	archiveVersion = 1;
	classes = {
	};
	objectVersion = 46;
	objects = {

/* Begin PBXBuildFile section */
		F9F61AE02987F2200011E065 /* _RRUtils.h in Headers */ = {isa = PBXBuildFile; fileRef = F9F61AD42987F21F0011E065 /* _RRUtils.h */; };
		F9F61AE12987F2200011E065 /* _RRWeakObjectBox.h in Headers */ = {isa = PBXBuildFile; fileRef = F9F61AD52987F21F0011E065 /* _RRWeakObjectBox.h */; };
		F9F61AE22987F2200011E065 /* UINavigationBar+RRNavigationBar_Internal.h in Headers */ = {isa = PBXBuildFile; fileRef = F9F61AD62987F21F0011E065 /* UINavigationBar+RRNavigationBar_Internal.h */; };
		F9F61AE32987F2200011E065 /* _RRNavigationControllerDelegateInterceptor.h in Headers */ = {isa = PBXBuildFile; fileRef = F9F61AD72987F2200011E065 /* _RRNavigationControllerDelegateInterceptor.h */; };
		F9F61AE42987F2200011E065 /* UINavigationController+RRNavigationBar_Internal.h in Headers */ = {isa = PBXBuildFile; fileRef = F9F61AD82987F2200011E065 /* UINavigationController+RRNavigationBar_Internal.h */; };
		F9F61AE52987F2200011E065 /* _RRNavigationBar.h in Headers */ = {isa = PBXBuildFile; fileRef = F9F61AD92987F2200011E065 /* _RRNavigationBar.h */; };
		F9F61AE62987F2200011E065 /* _RRNavigationControllerDelegateInterceptor.m in Sources */ = {isa = PBXBuildFile; fileRef = F9F61ADA2987F2200011E065 /* _RRNavigationControllerDelegateInterceptor.m */; };
		F9F61AE72987F2200011E065 /* UIView+RRNavigationBar_Internal.m in Sources */ = {isa = PBXBuildFile; fileRef = F9F61ADB2987F2200011E065 /* UIView+RRNavigationBar_Internal.m */; };
		F9F61AE82987F2200011E065 /* UIView+RRNavigationBar_Internal.h in Headers */ = {isa = PBXBuildFile; fileRef = F9F61ADC2987F2200011E065 /* UIView+RRNavigationBar_Internal.h */; };
		F9F61AE92987F2200011E065 /* _RRWeakObjectBox.m in Sources */ = {isa = PBXBuildFile; fileRef = F9F61ADD2987F2200011E065 /* _RRWeakObjectBox.m */; };
		F9F61AEA2987F2200011E065 /* _RRUtils.m in Sources */ = {isa = PBXBuildFile; fileRef = F9F61ADE2987F2200011E065 /* _RRUtils.m */; };
		F9F61AEB2987F2200011E065 /* _RRNavigationBar.m in Sources */ = {isa = PBXBuildFile; fileRef = F9F61ADF2987F2200011E065 /* _RRNavigationBar.m */; };
		OBJ_41 /* UINavigationBar+RRNavigationBar.m in Sources */ = {isa = PBXBuildFile; fileRef = OBJ_14 /* UINavigationBar+RRNavigationBar.m */; };
		OBJ_42 /* UINavigationController+RRNavigationBar.m in Sources */ = {isa = PBXBuildFile; fileRef = OBJ_15 /* UINavigationController+RRNavigationBar.m */; };
		OBJ_43 /* UIViewController+RRNavigationBar.m in Sources */ = {isa = PBXBuildFile; fileRef = OBJ_16 /* UIViewController+RRNavigationBar.m */; };
		OBJ_45 /* UIViewController+RRNavigationBar.h in Headers */ = {isa = PBXBuildFile; fileRef = OBJ_18 /* UIViewController+RRNavigationBar.h */; settings = {ATTRIBUTES = (Public, ); }; };
		OBJ_46 /* RRNavigationBar.h in Headers */ = {isa = PBXBuildFile; fileRef = OBJ_19 /* RRNavigationBar.h */; settings = {ATTRIBUTES = (Public, ); }; };
		OBJ_47 /* UINavigationBar+RRNavigationBar.h in Headers */ = {isa = PBXBuildFile; fileRef = OBJ_20 /* UINavigationBar+RRNavigationBar.h */; settings = {ATTRIBUTES = (Public, ); }; };
		OBJ_48 /* UINavigationController+RRNavigationBar.h in Headers */ = {isa = PBXBuildFile; fileRef = OBJ_21 /* UINavigationController+RRNavigationBar.h */; settings = {ATTRIBUTES = (Public, ); }; };
		OBJ_55 /* Package.swift in Sources */ = {isa = PBXBuildFile; fileRef = OBJ_6 /* Package.swift */; };
/* End PBXBuildFile section */

/* Begin PBXFileReference section */
		F9F61AD42987F21F0011E065 /* _RRUtils.h */ = {isa = PBXFileReference; fileEncoding = 4; lastKnownFileType = sourcecode.c.h; path = _RRUtils.h; sourceTree = "<group>"; };
		F9F61AD52987F21F0011E065 /* _RRWeakObjectBox.h */ = {isa = PBXFileReference; fileEncoding = 4; lastKnownFileType = sourcecode.c.h; path = _RRWeakObjectBox.h; sourceTree = "<group>"; };
		F9F61AD62987F21F0011E065 /* UINavigationBar+RRNavigationBar_Internal.h */ = {isa = PBXFileReference; fileEncoding = 4; lastKnownFileType = sourcecode.c.h; path = "UINavigationBar+RRNavigationBar_Internal.h"; sourceTree = "<group>"; };
		F9F61AD72987F2200011E065 /* _RRNavigationControllerDelegateInterceptor.h */ = {isa = PBXFileReference; fileEncoding = 4; lastKnownFileType = sourcecode.c.h; path = _RRNavigationControllerDelegateInterceptor.h; sourceTree = "<group>"; };
		F9F61AD82987F2200011E065 /* UINavigationController+RRNavigationBar_Internal.h */ = {isa = PBXFileReference; fileEncoding = 4; lastKnownFileType = sourcecode.c.h; path = "UINavigationController+RRNavigationBar_Internal.h"; sourceTree = "<group>"; };
		F9F61AD92987F2200011E065 /* _RRNavigationBar.h */ = {isa = PBXFileReference; fileEncoding = 4; lastKnownFileType = sourcecode.c.h; path = _RRNavigationBar.h; sourceTree = "<group>"; };
		F9F61ADA2987F2200011E065 /* _RRNavigationControllerDelegateInterceptor.m */ = {isa = PBXFileReference; fileEncoding = 4; lastKnownFileType = sourcecode.c.objc; path = _RRNavigationControllerDelegateInterceptor.m; sourceTree = "<group>"; };
		F9F61ADB2987F2200011E065 /* UIView+RRNavigationBar_Internal.m */ = {isa = PBXFileReference; fileEncoding = 4; lastKnownFileType = sourcecode.c.objc; path = "UIView+RRNavigationBar_Internal.m"; sourceTree = "<group>"; };
		F9F61ADC2987F2200011E065 /* UIView+RRNavigationBar_Internal.h */ = {isa = PBXFileReference; fileEncoding = 4; lastKnownFileType = sourcecode.c.h; path = "UIView+RRNavigationBar_Internal.h"; sourceTree = "<group>"; };
		F9F61ADD2987F2200011E065 /* _RRWeakObjectBox.m */ = {isa = PBXFileReference; fileEncoding = 4; lastKnownFileType = sourcecode.c.objc; path = _RRWeakObjectBox.m; sourceTree = "<group>"; };
		F9F61ADE2987F2200011E065 /* _RRUtils.m */ = {isa = PBXFileReference; fileEncoding = 4; lastKnownFileType = sourcecode.c.objc; path = _RRUtils.m; sourceTree = "<group>"; };
		F9F61ADF2987F2200011E065 /* _RRNavigationBar.m */ = {isa = PBXFileReference; fileEncoding = 4; lastKnownFileType = sourcecode.c.objc; path = _RRNavigationBar.m; sourceTree = "<group>"; };
		OBJ_14 /* UINavigationBar+RRNavigationBar.m */ = {isa = PBXFileReference; lastKnownFileType = sourcecode.c.objc; path = "UINavigationBar+RRNavigationBar.m"; sourceTree = "<group>"; };
		OBJ_15 /* UINavigationController+RRNavigationBar.m */ = {isa = PBXFileReference; lastKnownFileType = sourcecode.c.objc; path = "UINavigationController+RRNavigationBar.m"; sourceTree = "<group>"; };
		OBJ_16 /* UIViewController+RRNavigationBar.m */ = {isa = PBXFileReference; lastKnownFileType = sourcecode.c.objc; path = "UIViewController+RRNavigationBar.m"; sourceTree = "<group>"; };
		OBJ_18 /* UIViewController+RRNavigationBar.h */ = {isa = PBXFileReference; lastKnownFileType = sourcecode.c.h; path = "UIViewController+RRNavigationBar.h"; sourceTree = "<group>"; };
		OBJ_19 /* RRNavigationBar.h */ = {isa = PBXFileReference; lastKnownFileType = sourcecode.c.h; path = RRNavigationBar.h; sourceTree = "<group>"; };
		OBJ_20 /* UINavigationBar+RRNavigationBar.h */ = {isa = PBXFileReference; lastKnownFileType = sourcecode.c.h; path = "UINavigationBar+RRNavigationBar.h"; sourceTree = "<group>"; };
		OBJ_21 /* UINavigationController+RRNavigationBar.h */ = {isa = PBXFileReference; lastKnownFileType = sourcecode.c.h; path = "UINavigationController+RRNavigationBar.h"; sourceTree = "<group>"; };
		OBJ_25 /* Example */ = {isa = PBXFileReference; lastKnownFileType = folder; path = Example; sourceTree = SOURCE_ROOT; };
		OBJ_26 /* Preview */ = {isa = PBXFileReference; lastKnownFileType = folder; path = Preview; sourceTree = SOURCE_ROOT; };
		OBJ_27 /* RRNavigationBar.podspec */ = {isa = PBXFileReference; lastKnownFileType = text; path = RRNavigationBar.podspec; sourceTree = "<group>"; };
		OBJ_28 /* LICENSE */ = {isa = PBXFileReference; lastKnownFileType = text; path = LICENSE; sourceTree = "<group>"; };
		OBJ_29 /* CHANGELOG.md */ = {isa = PBXFileReference; lastKnownFileType = net.daringfireball.markdown; path = CHANGELOG.md; sourceTree = "<group>"; };
		OBJ_30 /* README.md */ = {isa = PBXFileReference; lastKnownFileType = net.daringfireball.markdown; path = README.md; sourceTree = "<group>"; };
		OBJ_6 /* Package.swift */ = {isa = PBXFileReference; explicitFileType = sourcecode.swift; path = Package.swift; sourceTree = "<group>"; };
		"rrnavigationbar::RRNavigationBar::Product" /* RRNavigationBar.framework */ = {isa = PBXFileReference; lastKnownFileType = wrapper.framework; path = RRNavigationBar.framework; sourceTree = BUILT_PRODUCTS_DIR; };
/* End PBXFileReference section */

/* Begin PBXFrameworksBuildPhase section */
		OBJ_49 /* Frameworks */ = {
			isa = PBXFrameworksBuildPhase;
			buildActionMask = 0;
			files = (
			);
			runOnlyForDeploymentPostprocessing = 0;
		};
/* End PBXFrameworksBuildPhase section */

/* Begin PBXGroup section */
		OBJ_17 /* Public */ = {
			isa = PBXGroup;
			children = (
				OBJ_18 /* UIViewController+RRNavigationBar.h */,
				OBJ_19 /* RRNavigationBar.h */,
				OBJ_20 /* UINavigationBar+RRNavigationBar.h */,
				OBJ_21 /* UINavigationController+RRNavigationBar.h */,
			);
			path = Public;
			sourceTree = "<group>";
		};
		OBJ_22 /* Tests */ = {
			isa = PBXGroup;
			children = (
			);
			name = Tests;
			sourceTree = SOURCE_ROOT;
		};
		OBJ_23 /* Products */ = {
			isa = PBXGroup;
			children = (
				"rrnavigationbar::RRNavigationBar::Product" /* RRNavigationBar.framework */,
			);
			name = Products;
			sourceTree = BUILT_PRODUCTS_DIR;
		};
		OBJ_5 /*  */ = {
			isa = PBXGroup;
			children = (
				OBJ_6 /* Package.swift */,
				OBJ_7 /* Sources */,
				OBJ_22 /* Tests */,
				OBJ_23 /* Products */,
				OBJ_25 /* Example */,
				OBJ_26 /* Preview */,
				OBJ_27 /* RRNavigationBar.podspec */,
				OBJ_28 /* LICENSE */,
				OBJ_29 /* CHANGELOG.md */,
				OBJ_30 /* README.md */,
			);
			name = "";
			sourceTree = "<group>";
		};
		OBJ_7 /* Sources */ = {
			isa = PBXGroup;
			children = (
				OBJ_8 /* Internal */,
				OBJ_17 /* Public */,
			);
			path = Sources;
			sourceTree = SOURCE_ROOT;
		};
		OBJ_8 /* Internal */ = {
			isa = PBXGroup;
			children = (
				F9F61AD92987F2200011E065 /* _RRNavigationBar.h */,
				F9F61ADF2987F2200011E065 /* _RRNavigationBar.m */,
				F9F61AD72987F2200011E065 /* _RRNavigationControllerDelegateInterceptor.h */,
				F9F61ADA2987F2200011E065 /* _RRNavigationControllerDelegateInterceptor.m */,
				F9F61AD42987F21F0011E065 /* _RRUtils.h */,
				F9F61ADE2987F2200011E065 /* _RRUtils.m */,
				F9F61AD52987F21F0011E065 /* _RRWeakObjectBox.h */,
				F9F61ADD2987F2200011E065 /* _RRWeakObjectBox.m */,
				F9F61AD62987F21F0011E065 /* UINavigationBar+RRNavigationBar_Internal.h */,
				OBJ_14 /* UINavigationBar+RRNavigationBar.m */,
				F9F61AD82987F2200011E065 /* UINavigationController+RRNavigationBar_Internal.h */,
				OBJ_15 /* UINavigationController+RRNavigationBar.m */,
				F9F61ADC2987F2200011E065 /* UIView+RRNavigationBar_Internal.h */,
				F9F61ADB2987F2200011E065 /* UIView+RRNavigationBar_Internal.m */,
				OBJ_16 /* UIViewController+RRNavigationBar.m */,
			);
			path = Internal;
			sourceTree = "<group>";
		};
/* End PBXGroup section */

/* Begin PBXHeadersBuildPhase section */
		OBJ_44 /* Headers */ = {
			isa = PBXHeadersBuildPhase;
			buildActionMask = 0;
			files = (
				OBJ_45 /* UIViewController+RRNavigationBar.h in Headers */,
				OBJ_46 /* RRNavigationBar.h in Headers */,
				F9F61AE02987F2200011E065 /* _RRUtils.h in Headers */,
				F9F61AE42987F2200011E065 /* UINavigationController+RRNavigationBar_Internal.h in Headers */,
				F9F61AE32987F2200011E065 /* _RRNavigationControllerDelegateInterceptor.h in Headers */,
				F9F61AE22987F2200011E065 /* UINavigationBar+RRNavigationBar_Internal.h in Headers */,
				F9F61AE12987F2200011E065 /* _RRWeakObjectBox.h in Headers */,
				OBJ_47 /* UINavigationBar+RRNavigationBar.h in Headers */,
				F9F61AE82987F2200011E065 /* UIView+RRNavigationBar_Internal.h in Headers */,
				F9F61AE52987F2200011E065 /* _RRNavigationBar.h in Headers */,
				OBJ_48 /* UINavigationController+RRNavigationBar.h in Headers */,
			);
			runOnlyForDeploymentPostprocessing = 0;
		};
/* End PBXHeadersBuildPhase section */

/* Begin PBXNativeTarget section */
		"rrnavigationbar::RRNavigationBar" /* RRNavigationBar */ = {
			isa = PBXNativeTarget;
			buildConfigurationList = OBJ_32 /* Build configuration list for PBXNativeTarget "RRNavigationBar" */;
			buildPhases = (
				OBJ_35 /* Sources */,
				OBJ_44 /* Headers */,
				OBJ_49 /* Frameworks */,
			);
			buildRules = (
			);
			dependencies = (
			);
			name = RRNavigationBar;
			productName = RRNavigationBar;
			productReference = "rrnavigationbar::RRNavigationBar::Product" /* RRNavigationBar.framework */;
			productType = "com.apple.product-type.framework";
		};
		"rrnavigationbar::SwiftPMPackageDescription" /* RRNavigationBarPackageDescription */ = {
			isa = PBXNativeTarget;
			buildConfigurationList = OBJ_51 /* Build configuration list for PBXNativeTarget "RRNavigationBarPackageDescription" */;
			buildPhases = (
				OBJ_54 /* Sources */,
			);
			buildRules = (
			);
			dependencies = (
			);
			name = RRNavigationBarPackageDescription;
			productName = RRNavigationBarPackageDescription;
			productType = "com.apple.product-type.framework";
		};
/* End PBXNativeTarget section */

/* Begin PBXProject section */
		OBJ_1 /* Project object */ = {
			isa = PBXProject;
			attributes = {
				LastSwiftMigration = 9999;
				LastUpgradeCheck = 9999;
			};
			buildConfigurationList = OBJ_2 /* Build configuration list for PBXProject "RRNavigationBar" */;
			compatibilityVersion = "Xcode 3.2";
			developmentRegion = en;
			hasScannedForEncodings = 0;
			knownRegions = (
				en,
			);
			mainGroup = OBJ_5 /*  */;
			productRefGroup = OBJ_23 /* Products */;
			projectDirPath = "";
			projectRoot = "";
			targets = (
				"rrnavigationbar::RRNavigationBar" /* RRNavigationBar */,
				"rrnavigationbar::SwiftPMPackageDescription" /* RRNavigationBarPackageDescription */,
			);
		};
/* End PBXProject section */

/* Begin PBXSourcesBuildPhase section */
		OBJ_35 /* Sources */ = {
			isa = PBXSourcesBuildPhase;
			buildActionMask = 0;
			files = (
				F9F61AE62987F2200011E065 /* _RRNavigationControllerDelegateInterceptor.m in Sources */,
				OBJ_41 /* UINavigationBar+RRNavigationBar.m in Sources */,
				OBJ_42 /* UINavigationController+RRNavigationBar.m in Sources */,
				OBJ_43 /* UIViewController+RRNavigationBar.m in Sources */,
				F9F61AE92987F2200011E065 /* _RRWeakObjectBox.m in Sources */,
				F9F61AEB2987F2200011E065 /* _RRNavigationBar.m in Sources */,
				F9F61AE72987F2200011E065 /* UIView+RRNavigationBar_Internal.m in Sources */,
				F9F61AEA2987F2200011E065 /* _RRUtils.m in Sources */,
			);
			runOnlyForDeploymentPostprocessing = 0;
		};
		OBJ_54 /* Sources */ = {
			isa = PBXSourcesBuildPhase;
			buildActionMask = 0;
			files = (
				OBJ_55 /* Package.swift in Sources */,
			);
			runOnlyForDeploymentPostprocessing = 0;
		};
/* End PBXSourcesBuildPhase section */

/* Begin XCBuildConfiguration section */
		OBJ_3 /* Debug */ = {
			isa = XCBuildConfiguration;
			buildSettings = {
				CLANG_ENABLE_OBJC_ARC = YES;
				COMBINE_HIDPI_IMAGES = YES;
				COPY_PHASE_STRIP = NO;
				DEBUG_INFORMATION_FORMAT = dwarf;
				DYLIB_INSTALL_NAME_BASE = "@rpath";
				ENABLE_NS_ASSERTIONS = YES;
				GCC_OPTIMIZATION_LEVEL = 0;
				GCC_PREPROCESSOR_DEFINITIONS = (
					"$(inherited)",
					"SWIFT_PACKAGE=1",
					"DEBUG=1",
				);
				IPHONEOS_DEPLOYMENT_TARGET = 11.0;
				MACOSX_DEPLOYMENT_TARGET = 10.10;
				ONLY_ACTIVE_ARCH = YES;
				OTHER_SWIFT_FLAGS = "$(inherited) -DXcode";
				PRODUCT_NAME = "$(TARGET_NAME)";
				SDKROOT = macosx;
				SUPPORTED_PLATFORMS = "$(AVAILABLE_PLATFORMS)";
				SUPPORTS_MACCATALYST = YES;
				SWIFT_ACTIVE_COMPILATION_CONDITIONS = "$(inherited) SWIFT_PACKAGE DEBUG";
				SWIFT_OPTIMIZATION_LEVEL = "-Onone";
				USE_HEADERMAP = NO;
			};
			name = Debug;
		};
		OBJ_33 /* Debug */ = {
			isa = XCBuildConfiguration;
			buildSettings = {
				CLANG_ENABLE_MODULES = YES;
				CURRENT_PROJECT_VERSION = 1;
				DEFINES_MODULE = YES;
				DRIVERKIT_DEPLOYMENT_TARGET = 19.0;
				ENABLE_TESTABILITY = YES;
				FRAMEWORK_SEARCH_PATHS = (
					"$(inherited)",
					"$(PLATFORM_DIR)/Developer/Library/Frameworks",
				);
				HEADER_SEARCH_PATHS = (
					"$(inherited)",
					"$(SRCROOT)/Sources/Public",
					Internal,
				);
				INFOPLIST_FILE = RRNavigationBar.xcodeproj/RRNavigationBar_Info.plist;
				IPHONEOS_DEPLOYMENT_TARGET = 11.0;
				LD_RUNPATH_SEARCH_PATHS = "$(inherited) $(TOOLCHAIN_DIR)/usr/lib/swift/macosx";
				MACOSX_DEPLOYMENT_TARGET = 10.13;
				OTHER_CFLAGS = "$(inherited)";
				OTHER_LDFLAGS = "$(inherited)";
				OTHER_SWIFT_FLAGS = "$(inherited)";
				PRODUCT_BUNDLE_IDENTIFIER = RRNavigationBar;
				PRODUCT_MODULE_NAME = "$(TARGET_NAME:c99extidentifier)";
				PRODUCT_NAME = "$(TARGET_NAME:c99extidentifier)";
				SKIP_INSTALL = YES;
				SWIFT_ACTIVE_COMPILATION_CONDITIONS = "$(inherited)";
				TARGET_NAME = RRNavigationBar;
				TVOS_DEPLOYMENT_TARGET = 11.0;
				WATCHOS_DEPLOYMENT_TARGET = 4.0;
			};
			name = Debug;
		};
		OBJ_34 /* Release */ = {
			isa = XCBuildConfiguration;
			buildSettings = {
				CLANG_ENABLE_MODULES = YES;
				CURRENT_PROJECT_VERSION = 1;
				DEFINES_MODULE = YES;
				DRIVERKIT_DEPLOYMENT_TARGET = 19.0;
				ENABLE_TESTABILITY = YES;
				FRAMEWORK_SEARCH_PATHS = (
					"$(inherited)",
					"$(PLATFORM_DIR)/Developer/Library/Frameworks",
				);
				HEADER_SEARCH_PATHS = (
					"$(inherited)",
					"$(SRCROOT)/Sources/Public",
					Internal,
				);
				INFOPLIST_FILE = RRNavigationBar.xcodeproj/RRNavigationBar_Info.plist;
				IPHONEOS_DEPLOYMENT_TARGET = 11.0;
				LD_RUNPATH_SEARCH_PATHS = "$(inherited) $(TOOLCHAIN_DIR)/usr/lib/swift/macosx";
				MACOSX_DEPLOYMENT_TARGET = 10.13;
				OTHER_CFLAGS = "$(inherited)";
				OTHER_LDFLAGS = "$(inherited)";
				OTHER_SWIFT_FLAGS = "$(inherited)";
				PRODUCT_BUNDLE_IDENTIFIER = RRNavigationBar;
				PRODUCT_MODULE_NAME = "$(TARGET_NAME:c99extidentifier)";
				PRODUCT_NAME = "$(TARGET_NAME:c99extidentifier)";
				SKIP_INSTALL = YES;
				SWIFT_ACTIVE_COMPILATION_CONDITIONS = "$(inherited)";
				TARGET_NAME = RRNavigationBar;
				TVOS_DEPLOYMENT_TARGET = 11.0;
				WATCHOS_DEPLOYMENT_TARGET = 4.0;
			};
			name = Release;
		};
		OBJ_4 /* Release */ = {
			isa = XCBuildConfiguration;
			buildSettings = {
				CLANG_ENABLE_OBJC_ARC = YES;
				COMBINE_HIDPI_IMAGES = YES;
				COPY_PHASE_STRIP = YES;
				DEBUG_INFORMATION_FORMAT = "dwarf-with-dsym";
				DYLIB_INSTALL_NAME_BASE = "@rpath";
				GCC_OPTIMIZATION_LEVEL = s;
				GCC_PREPROCESSOR_DEFINITIONS = (
					"$(inherited)",
					"SWIFT_PACKAGE=1",
				);
				IPHONEOS_DEPLOYMENT_TARGET = 11.0;
				MACOSX_DEPLOYMENT_TARGET = 10.10;
				OTHER_SWIFT_FLAGS = "$(inherited) -DXcode";
				PRODUCT_NAME = "$(TARGET_NAME)";
				SDKROOT = macosx;
				SUPPORTED_PLATFORMS = "$(AVAILABLE_PLATFORMS)";
				SUPPORTS_MACCATALYST = YES;
				SWIFT_ACTIVE_COMPILATION_CONDITIONS = "$(inherited) SWIFT_PACKAGE";
				SWIFT_OPTIMIZATION_LEVEL = "-Owholemodule";
				USE_HEADERMAP = NO;
			};
			name = Release;
		};
		OBJ_52 /* Debug */ = {
			isa = XCBuildConfiguration;
			buildSettings = {
				LD = /usr/bin/true;
				OTHER_SWIFT_FLAGS = "-swift-version 5 -I $(TOOLCHAIN_DIR)/usr/lib/swift/pm/ManifestAPI -sdk /Applications/Xcode.app/Contents/Developer/Platforms/MacOSX.platform/Developer/SDKs/MacOSX13.1.sdk -package-description-version 5.4.0";
				SWIFT_VERSION = 5.0;
			};
			name = Debug;
		};
		OBJ_53 /* Release */ = {
			isa = XCBuildConfiguration;
			buildSettings = {
				LD = /usr/bin/true;
				OTHER_SWIFT_FLAGS = "-swift-version 5 -I $(TOOLCHAIN_DIR)/usr/lib/swift/pm/ManifestAPI -sdk /Applications/Xcode.app/Contents/Developer/Platforms/MacOSX.platform/Developer/SDKs/MacOSX13.1.sdk -package-description-version 5.4.0";
				SWIFT_VERSION = 5.0;
			};
			name = Release;
		};
/* End XCBuildConfiguration section */

/* Begin XCConfigurationList section */
		OBJ_2 /* Build configuration list for PBXProject "RRNavigationBar" */ = {
			isa = XCConfigurationList;
			buildConfigurations = (
				OBJ_3 /* Debug */,
				OBJ_4 /* Release */,
			);
			defaultConfigurationIsVisible = 0;
			defaultConfigurationName = Release;
		};
		OBJ_32 /* Build configuration list for PBXNativeTarget "RRNavigationBar" */ = {
			isa = XCConfigurationList;
			buildConfigurations = (
				OBJ_33 /* Debug */,
				OBJ_34 /* Release */,
			);
			defaultConfigurationIsVisible = 0;
			defaultConfigurationName = Release;
		};
		OBJ_51 /* Build configuration list for PBXNativeTarget "RRNavigationBarPackageDescription" */ = {
			isa = XCConfigurationList;
			buildConfigurations = (
				OBJ_52 /* Debug */,
				OBJ_53 /* Release */,
			);
			defaultConfigurationIsVisible = 0;
			defaultConfigurationName = Release;
		};
/* End XCConfigurationList section */
	};
	rootObject = OBJ_1 /* Project object */;
}
